
Microsoft Visual Studio Solution File, Format Version 12.00
# Visual Studio 2012
Project("{FAE04EC0-301F-11D3-BF4B-00C04F79EFBC}") = "LeadNanny", "LeadNanny\LeadNanny.csproj", "{F40A29AA-A3F9-4148-A20F-25C49E10947E}"
EndProject
Project("{FAE04EC0-301F-11D3-BF4B-00C04F79EFBC}") = "LeadNanny.Tests", "LeadNanny.Tests\LeadNanny.Tests.csproj", "{FDE468A2-1C22-49B7-B12A-916DAAB678E7}"
EndProject
Global
	GlobalSection(SolutionConfigurationPlatforms) = preSolution
		Debug|Any CPU = Debug|Any CPU
		Release|Any CPU = Release|Any CPU
	EndGlobalSection
	GlobalSection(ProjectConfigurationPlatforms) = postSolution
		{F40A29AA-A3F9-4148-A20F-25C49E10947E}.Debug|Any CPU.ActiveCfg = Debug|Any CPU
		{F40A29AA-A3F9-4148-A20F-25C49E10947E}.Debug|Any CPU.Build.0 = Debug|Any CPU
		{F40A29AA-A3F9-4148-A20F-25C49E10947E}.Release|Any CPU.ActiveCfg = Release|Any CPU
		{F40A29AA-A3F9-4148-A20F-25C49E10947E}.Release|Any CPU.Build.0 = Release|Any CPU
		{FDE468A2-1C22-49B7-B12A-916DAAB678E7}.Debug|Any CPU.ActiveCfg = Debug|Any CPU
		{FDE468A2-1C22-49B7-B12A-916DAAB678E7}.Debug|Any CPU.Build.0 = Debug|Any CPU
		{FDE468A2-1C22-49B7-B12A-916DAAB678E7}.Release|Any CPU.ActiveCfg = Release|Any CPU
		{FDE468A2-1C22-49B7-B12A-916DAAB678E7}.Release|Any CPU.Build.0 = Release|Any CPU
	EndGlobalSection
	GlobalSection(SolutionProperties) = preSolution
		HideSolutionNode = FALSE
	EndGlobalSection
EndGlobal
